
Microsoft Visual Studio Solution File, Format Version 12.00
# Visual Studio Version 17
VisualStudioVersion = 17.1.32328.378
MinimumVisualStudioVersion = 10.0.40219.1
Project("{FAE04EC0-301F-11D3-BF4B-00C04F79EFBC}") = "BeautyWayAPI", "BeautyWayAPI.csproj", "{BBCC58C3-7FCF-4B2C-9D36-38789B05EF07}"
EndProject
Global
	GlobalSection(SolutionConfigurationPlatforms) = preSolution
		Debug|Any CPU = Debug|Any CPU
		Release|Any CPU = Release|Any CPU
	EndGlobalSection
	GlobalSection(ProjectConfigurationPlatforms) = postSolution
		{BBCC58C3-7FCF-4B2C-9D36-38789B05EF07}.Debug|Any CPU.ActiveCfg = Debug|Any CPU
		{BBCC58C3-7FCF-4B2C-9D36-38789B05EF07}.Debug|Any CPU.Build.0 = Debug|Any CPU
		{BBCC58C3-7FCF-4B2C-9D36-38789B05EF07}.Release|Any CPU.ActiveCfg = Release|Any CPU
		{BBCC58C3-7FCF-4B2C-9D36-38789B05EF07}.Release|Any CPU.Build.0 = Release|Any CPU
	EndGlobalSection
	GlobalSection(SolutionProperties) = preSolution
		HideSolutionNode = FALSE
	EndGlobalSection
	GlobalSection(ExtensibilityGlobals) = postSolution
		SolutionGuid = {910A0EA8-AB81-41C0-A558-63B7475F2F34}
	EndGlobalSection
EndGlobal
